
Microsoft Visual Studio Solution File, Format Version 12.00
# Visual Studio Version 16
VisualStudioVersion = 16.0.30804.86
MinimumVisualStudioVersion = 10.0.40219.1
Project("{9A19103F-16F7-4668-BE54-9A1E7A4F7556}") = "Jgs.RawSQL", "Jgs.RawSQL\Jgs.RawSQL.csproj", "{F7D98517-2D25-4E8C-8CED-C65F8E860DF7}"
EndProject
Project("{9A19103F-16F7-4668-BE54-9A1E7A4F7556}") = "Jgs.Crypto", "Jgs.Crypto\Jgs.Crypto.csproj", "{B733EC9F-D9E2-401C-AA2E-A70DAFF8A6D5}"
EndProject
Project("{9A19103F-16F7-4668-BE54-9A1E7A4F7556}") = "Jgs.Thread", "Jgs.Thread\Jgs.Thread.csproj", "{51DBEFC2-87B0-4512-8665-FCAC50CA2BF6}"
EndProject
Project("{9A19103F-16F7-4668-BE54-9A1E7A4F7556}") = "Jgs.Mvvm", "Jgs.Mvvm\Jgs.Mvvm.csproj", "{578B29FB-7742-4519-8A7D-B6D89DFB45A8}"
EndProject
Project("{9A19103F-16F7-4668-BE54-9A1E7A4F7556}") = "Jgs.UI", "Jgs.UI\Jgs.UI.csproj", "{EA056022-B458-41CE-B262-62A9C6D0A47E}"
EndProject
Project("{9A19103F-16F7-4668-BE54-9A1E7A4F7556}") = "Jgs.Demo", "Jgs.Demo\Jgs.Demo.csproj", "{6A3F0A81-BA2A-4AB5-B66D-279023F2ED5B}"
EndProject
Global
	GlobalSection(SolutionConfigurationPlatforms) = preSolution
		Debug|Any CPU = Debug|Any CPU
		Release|Any CPU = Release|Any CPU
	EndGlobalSection
	GlobalSection(ProjectConfigurationPlatforms) = postSolution
		{F7D98517-2D25-4E8C-8CED-C65F8E860DF7}.Debug|Any CPU.ActiveCfg = Debug|Any CPU
		{F7D98517-2D25-4E8C-8CED-C65F8E860DF7}.Debug|Any CPU.Build.0 = Debug|Any CPU
		{F7D98517-2D25-4E8C-8CED-C65F8E860DF7}.Release|Any CPU.ActiveCfg = Release|Any CPU
		{F7D98517-2D25-4E8C-8CED-C65F8E860DF7}.Release|Any CPU.Build.0 = Release|Any CPU
		{B733EC9F-D9E2-401C-AA2E-A70DAFF8A6D5}.Debug|Any CPU.ActiveCfg = Debug|Any CPU
		{B733EC9F-D9E2-401C-AA2E-A70DAFF8A6D5}.Debug|Any CPU.Build.0 = Debug|Any CPU
		{B733EC9F-D9E2-401C-AA2E-A70DAFF8A6D5}.Release|Any CPU.ActiveCfg = Release|Any CPU
		{B733EC9F-D9E2-401C-AA2E-A70DAFF8A6D5}.Release|Any CPU.Build.0 = Release|Any CPU
		{51DBEFC2-87B0-4512-8665-FCAC50CA2BF6}.Debug|Any CPU.ActiveCfg = Debug|Any CPU
		{51DBEFC2-87B0-4512-8665-FCAC50CA2BF6}.Debug|Any CPU.Build.0 = Debug|Any CPU
		{51DBEFC2-87B0-4512-8665-FCAC50CA2BF6}.Release|Any CPU.ActiveCfg = Release|Any CPU
		{51DBEFC2-87B0-4512-8665-FCAC50CA2BF6}.Release|Any CPU.Build.0 = Release|Any CPU
		{578B29FB-7742-4519-8A7D-B6D89DFB45A8}.Debug|Any CPU.ActiveCfg = Debug|Any CPU
		{578B29FB-7742-4519-8A7D-B6D89DFB45A8}.Debug|Any CPU.Build.0 = Debug|Any CPU
		{578B29FB-7742-4519-8A7D-B6D89DFB45A8}.Release|Any CPU.ActiveCfg = Release|Any CPU
		{578B29FB-7742-4519-8A7D-B6D89DFB45A8}.Release|Any CPU.Build.0 = Release|Any CPU
		{EA056022-B458-41CE-B262-62A9C6D0A47E}.Debug|Any CPU.ActiveCfg = Debug|Any CPU
		{EA056022-B458-41CE-B262-62A9C6D0A47E}.Debug|Any CPU.Build.0 = Debug|Any CPU
		{EA056022-B458-41CE-B262-62A9C6D0A47E}.Release|Any CPU.ActiveCfg = Release|Any CPU
		{EA056022-B458-41CE-B262-62A9C6D0A47E}.Release|Any CPU.Build.0 = Release|Any CPU
		{6A3F0A81-BA2A-4AB5-B66D-279023F2ED5B}.Debug|Any CPU.ActiveCfg = Debug|Any CPU
		{6A3F0A81-BA2A-4AB5-B66D-279023F2ED5B}.Debug|Any CPU.Build.0 = Debug|Any CPU
		{6A3F0A81-BA2A-4AB5-B66D-279023F2ED5B}.Release|Any CPU.ActiveCfg = Release|Any CPU
		{6A3F0A81-BA2A-4AB5-B66D-279023F2ED5B}.Release|Any CPU.Build.0 = Release|Any CPU
	EndGlobalSection
	GlobalSection(SolutionProperties) = preSolution
		HideSolutionNode = FALSE
	EndGlobalSection
	GlobalSection(ExtensibilityGlobals) = postSolution
		SolutionGuid = {99CF546E-AA36-4938-BEDB-80A786C4AA8E}
	EndGlobalSection
EndGlobal
